
Microsoft Visual Studio Solution File, Format Version 12.00
# Visual Studio 15
Project("{FAE04EC0-301F-11D3-BF4B-00C04F79EFBC}") = "TerrainEvo3", "TerrainEvo3.csproj", "{39BCCFDA-DF76-40A8-D021-B24C4935BFA0}"
EndProject
Project("{FAE04EC0-301F-11D3-BF4B-00C04F79EFBC}") = "TerrainFoley", "TerrainFoley.csproj", "{07A02B1C-9EAB-C4FF-B999-3B1B14E29533}"
EndProject
Project("{FAE04EC0-301F-11D3-BF4B-00C04F79EFBC}") = "AxelF.Editor", "AxelF.Editor.csproj", "{3C5B177C-AF6F-AE95-43B3-18AFE644926E}"
EndProject
Project("{FAE04EC0-301F-11D3-BF4B-00C04F79EFBC}") = "PropertyMaster", "PropertyMaster.csproj", "{4C9EC328-97B3-F580-EE61-2F11E32389DD}"
EndProject
Project("{FAE04EC0-301F-11D3-BF4B-00C04F79EFBC}") = "Assembly-CSharp", "Assembly-CSharp.csproj", "{962F8BC6-6CAA-68EA-25DB-B43123A5E24E}"
EndProject
Project("{FAE04EC0-301F-11D3-BF4B-00C04F79EFBC}") = "TerrainEvo3Ed", "TerrainEvo3Ed.csproj", "{2F47F4A9-007E-1F9D-F571-9341B746B9D9}"
EndProject
Project("{FAE04EC0-301F-11D3-BF4B-00C04F79EFBC}") = "OcclusionProbes", "OcclusionProbes.csproj", "{5C352315-DE0A-201C-FD85-927AB4CC2E79}"
EndProject
Project("{FAE04EC0-301F-11D3-BF4B-00C04F79EFBC}") = "Gameplay", "Gameplay.csproj", "{F497F57A-F37F-49D9-CA4C-EDA4F1D23FC4}"
EndProject
Project("{FAE04EC0-301F-11D3-BF4B-00C04F79EFBC}") = "AxelF", "AxelF.csproj", "{43FD1278-F753-2358-8451-118CDC25F743}"
EndProject
Project("{FAE04EC0-301F-11D3-BF4B-00C04F79EFBC}") = "Assembly-CSharp-Editor", "Assembly-CSharp-Editor.csproj", "{8A39E672-62C0-9FBA-D776-08AC0291C075}"
EndProject
Project("{FAE04EC0-301F-11D3-BF4B-00C04F79EFBC}") = "Hapki", "Hapki.csproj", "{1A76A123-3E6E-F834-5BFB-ED57AB6212A4}"
EndProject
Project("{FAE04EC0-301F-11D3-BF4B-00C04F79EFBC}") = "Hapki.Editor", "Hapki.Editor.csproj", "{205F804C-02C2-8429-AE68-BD3E2C5E834F}"
EndProject
Project("{FAE04EC0-301F-11D3-BF4B-00C04F79EFBC}") = "DepthOfFieldAutoFocus", "DepthOfFieldAutoFocus.csproj", "{C55F0CEB-4A60-89C5-A820-05A83C69D4BB}"
EndProject
Project("{FAE04EC0-301F-11D3-BF4B-00C04F79EFBC}") = "Hapki.Solvers", "Hapki.Solvers.csproj", "{8B2DC5D4-3410-32E0-3F6F-66F7AF5D8532}"
EndProject
Project("{FAE04EC0-301F-11D3-BF4B-00C04F79EFBC}") = "WindControl", "WindControl.csproj", "{D66DAFFC-A41F-26C7-6E5E-D861D55E2BF0}"
EndProject
Project("{FAE04EC0-301F-11D3-BF4B-00C04F79EFBC}") = "StaggeredCascade", "StaggeredCascade.csproj", "{31672C0D-F257-C8E3-1A6E-69795C7605C0}"
EndProject
Project("{FAE04EC0-301F-11D3-BF4B-00C04F79EFBC}") = "WindControlEd", "WindControlEd.csproj", "{83450D76-4A2C-F5E4-0EFC-F1D68C238813}"
EndProject
Project("{FAE04EC0-301F-11D3-BF4B-00C04F79EFBC}") = "Gameplay.Editor", "Gameplay.Editor.csproj", "{25FA1D64-1F3D-AA22-ADCF-8AD2BB38063E}"
EndProject
Project("{FAE04EC0-301F-11D3-BF4B-00C04F79EFBC}") = "Hapki.Playables", "Hapki.Playables.csproj", "{6791DF52-028E-3AF2-6330-A999B4C65D9E}"
EndProject
Project("{FAE04EC0-301F-11D3-BF4B-00C04F79EFBC}") = "PropertyMaster.Editor", "PropertyMaster.Editor.csproj", "{201485C9-5236-F6B6-A8BD-DFE3E898F521}"
EndProject
Project("{FAE04EC0-301F-11D3-BF4B-00C04F79EFBC}") = "OcclusionProbesEditor", "OcclusionProbesEditor.csproj", "{05BC02C9-D39F-2B15-5658-080105AF8E1F}"
EndProject
Project("{FAE04EC0-301F-11D3-BF4B-00C04F79EFBC}") = "LayerCulling", "LayerCulling.csproj", "{EDEDA44D-9787-70AE-B098-48264FC3DAB1}"
EndProject
Project("{FAE04EC0-301F-11D3-BF4B-00C04F79EFBC}") = "Hapki.Interpolation", "Hapki.Interpolation.csproj", "{3882640B-C76C-A675-9D6C-CE958E235552}"
EndProject
Project("{FAE04EC0-301F-11D3-BF4B-00C04F79EFBC}") = "Hapki.Spatial", "Hapki.Spatial.csproj", "{D2FD42AA-DDD9-7AA3-2702-28A30FC84E2A}"
EndProject
Global
	GlobalSection(SolutionConfigurationPlatforms) = preSolution
		Debug|Any CPU = Debug|Any CPU
		Release|Any CPU = Release|Any CPU
	EndGlobalSection
	GlobalSection(ProjectConfigurationPlatforms) = postSolution
		{39BCCFDA-DF76-40A8-D021-B24C4935BFA0}.Debug|Any CPU.ActiveCfg = Debug|Any CPU
		{39BCCFDA-DF76-40A8-D021-B24C4935BFA0}.Debug|Any CPU.Build.0 = Debug|Any CPU
		{39BCCFDA-DF76-40A8-D021-B24C4935BFA0}.Release|Any CPU.ActiveCfg = Release|Any CPU
		{39BCCFDA-DF76-40A8-D021-B24C4935BFA0}.Release|Any CPU.Build.0 = Release|Any CPU
		{07A02B1C-9EAB-C4FF-B999-3B1B14E29533}.Debug|Any CPU.ActiveCfg = Debug|Any CPU
		{07A02B1C-9EAB-C4FF-B999-3B1B14E29533}.Debug|Any CPU.Build.0 = Debug|Any CPU
		{07A02B1C-9EAB-C4FF-B999-3B1B14E29533}.Release|Any CPU.ActiveCfg = Release|Any CPU
		{07A02B1C-9EAB-C4FF-B999-3B1B14E29533}.Release|Any CPU.Build.0 = Release|Any CPU
		{3C5B177C-AF6F-AE95-43B3-18AFE644926E}.Debug|Any CPU.ActiveCfg = Debug|Any CPU
		{3C5B177C-AF6F-AE95-43B3-18AFE644926E}.Debug|Any CPU.Build.0 = Debug|Any CPU
		{3C5B177C-AF6F-AE95-43B3-18AFE644926E}.Release|Any CPU.ActiveCfg = Release|Any CPU
		{3C5B177C-AF6F-AE95-43B3-18AFE644926E}.Release|Any CPU.Build.0 = Release|Any CPU
		{4C9EC328-97B3-F580-EE61-2F11E32389DD}.Debug|Any CPU.ActiveCfg = Debug|Any CPU
		{4C9EC328-97B3-F580-EE61-2F11E32389DD}.Debug|Any CPU.Build.0 = Debug|Any CPU
		{4C9EC328-97B3-F580-EE61-2F11E32389DD}.Release|Any CPU.ActiveCfg = Release|Any CPU
		{4C9EC328-97B3-F580-EE61-2F11E32389DD}.Release|Any CPU.Build.0 = Release|Any CPU
		{962F8BC6-6CAA-68EA-25DB-B43123A5E24E}.Debug|Any CPU.ActiveCfg = Debug|Any CPU
		{962F8BC6-6CAA-68EA-25DB-B43123A5E24E}.Debug|Any CPU.Build.0 = Debug|Any CPU
		{962F8BC6-6CAA-68EA-25DB-B43123A5E24E}.Release|Any CPU.ActiveCfg = Release|Any CPU
		{962F8BC6-6CAA-68EA-25DB-B43123A5E24E}.Release|Any CPU.Build.0 = Release|Any CPU
		{2F47F4A9-007E-1F9D-F571-9341B746B9D9}.Debug|Any CPU.ActiveCfg = Debug|Any CPU
		{2F47F4A9-007E-1F9D-F571-9341B746B9D9}.Debug|Any CPU.Build.0 = Debug|Any CPU
		{2F47F4A9-007E-1F9D-F571-9341B746B9D9}.Release|Any CPU.ActiveCfg = Release|Any CPU
		{2F47F4A9-007E-1F9D-F571-9341B746B9D9}.Release|Any CPU.Build.0 = Release|Any CPU
		{5C352315-DE0A-201C-FD85-927AB4CC2E79}.Debug|Any CPU.ActiveCfg = Debug|Any CPU
		{5C352315-DE0A-201C-FD85-927AB4CC2E79}.Debug|Any CPU.Build.0 = Debug|Any CPU
		{5C352315-DE0A-201C-FD85-927AB4CC2E79}.Release|Any CPU.ActiveCfg = Release|Any CPU
		{5C352315-DE0A-201C-FD85-927AB4CC2E79}.Release|Any CPU.Build.0 = Release|Any CPU
		{F497F57A-F37F-49D9-CA4C-EDA4F1D23FC4}.Debug|Any CPU.ActiveCfg = Debug|Any CPU
		{F497F57A-F37F-49D9-CA4C-EDA4F1D23FC4}.Debug|Any CPU.Build.0 = Debug|Any CPU
		{F497F57A-F37F-49D9-CA4C-EDA4F1D23FC4}.Release|Any CPU.ActiveCfg = Release|Any CPU
		{F497F57A-F37F-49D9-CA4C-EDA4F1D23FC4}.Release|Any CPU.Build.0 = Release|Any CPU
		{43FD1278-F753-2358-8451-118CDC25F743}.Debug|Any CPU.ActiveCfg = Debug|Any CPU
		{43FD1278-F753-2358-8451-118CDC25F743}.Debug|Any CPU.Build.0 = Debug|Any CPU
		{43FD1278-F753-2358-8451-118CDC25F743}.Release|Any CPU.ActiveCfg = Release|Any CPU
		{43FD1278-F753-2358-8451-118CDC25F743}.Release|Any CPU.Build.0 = Release|Any CPU
		{8A39E672-62C0-9FBA-D776-08AC0291C075}.Debug|Any CPU.ActiveCfg = Debug|Any CPU
		{8A39E672-62C0-9FBA-D776-08AC0291C075}.Debug|Any CPU.Build.0 = Debug|Any CPU
		{8A39E672-62C0-9FBA-D776-08AC0291C075}.Release|Any CPU.ActiveCfg = Release|Any CPU
		{8A39E672-62C0-9FBA-D776-08AC0291C075}.Release|Any CPU.Build.0 = Release|Any CPU
		{1A76A123-3E6E-F834-5BFB-ED57AB6212A4}.Debug|Any CPU.ActiveCfg = Debug|Any CPU
		{1A76A123-3E6E-F834-5BFB-ED57AB6212A4}.Debug|Any CPU.Build.0 = Debug|Any CPU
		{1A76A123-3E6E-F834-5BFB-ED57AB6212A4}.Release|Any CPU.ActiveCfg = Release|Any CPU
		{1A76A123-3E6E-F834-5BFB-ED57AB6212A4}.Release|Any CPU.Build.0 = Release|Any CPU
		{205F804C-02C2-8429-AE68-BD3E2C5E834F}.Debug|Any CPU.ActiveCfg = Debug|Any CPU
		{205F804C-02C2-8429-AE68-BD3E2C5E834F}.Debug|Any CPU.Build.0 = Debug|Any CPU
		{205F804C-02C2-8429-AE68-BD3E2C5E834F}.Release|Any CPU.ActiveCfg = Release|Any CPU
		{205F804C-02C2-8429-AE68-BD3E2C5E834F}.Release|Any CPU.Build.0 = Release|Any CPU
		{C55F0CEB-4A60-89C5-A820-05A83C69D4BB}.Debug|Any CPU.ActiveCfg = Debug|Any CPU
		{C55F0CEB-4A60-89C5-A820-05A83C69D4BB}.Debug|Any CPU.Build.0 = Debug|Any CPU
		{C55F0CEB-4A60-89C5-A820-05A83C69D4BB}.Release|Any CPU.ActiveCfg = Release|Any CPU
		{C55F0CEB-4A60-89C5-A820-05A83C69D4BB}.Release|Any CPU.Build.0 = Release|Any CPU
		{8B2DC5D4-3410-32E0-3F6F-66F7AF5D8532}.Debug|Any CPU.ActiveCfg = Debug|Any CPU
		{8B2DC5D4-3410-32E0-3F6F-66F7AF5D8532}.Debug|Any CPU.Build.0 = Debug|Any CPU
		{8B2DC5D4-3410-32E0-3F6F-66F7AF5D8532}.Release|Any CPU.ActiveCfg = Release|Any CPU
		{8B2DC5D4-3410-32E0-3F6F-66F7AF5D8532}.Release|Any CPU.Build.0 = Release|Any CPU
		{D66DAFFC-A41F-26C7-6E5E-D861D55E2BF0}.Debug|Any CPU.ActiveCfg = Debug|Any CPU
		{D66DAFFC-A41F-26C7-6E5E-D861D55E2BF0}.Debug|Any CPU.Build.0 = Debug|Any CPU
		{D66DAFFC-A41F-26C7-6E5E-D861D55E2BF0}.Release|Any CPU.ActiveCfg = Release|Any CPU
		{D66DAFFC-A41F-26C7-6E5E-D861D55E2BF0}.Release|Any CPU.Build.0 = Release|Any CPU
		{31672C0D-F257-C8E3-1A6E-69795C7605C0}.Debug|Any CPU.ActiveCfg = Debug|Any CPU
		{31672C0D-F257-C8E3-1A6E-69795C7605C0}.Debug|Any CPU.Build.0 = Debug|Any CPU
		{31672C0D-F257-C8E3-1A6E-69795C7605C0}.Release|Any CPU.ActiveCfg = Release|Any CPU
		{31672C0D-F257-C8E3-1A6E-69795C7605C0}.Release|Any CPU.Build.0 = Release|Any CPU
		{83450D76-4A2C-F5E4-0EFC-F1D68C238813}.Debug|Any CPU.ActiveCfg = Debug|Any CPU
		{83450D76-4A2C-F5E4-0EFC-F1D68C238813}.Debug|Any CPU.Build.0 = Debug|Any CPU
		{83450D76-4A2C-F5E4-0EFC-F1D68C238813}.Release|Any CPU.ActiveCfg = Release|Any CPU
		{83450D76-4A2C-F5E4-0EFC-F1D68C238813}.Release|Any CPU.Build.0 = Release|Any CPU
		{25FA1D64-1F3D-AA22-ADCF-8AD2BB38063E}.Debug|Any CPU.ActiveCfg = Debug|Any CPU
		{25FA1D64-1F3D-AA22-ADCF-8AD2BB38063E}.Debug|Any CPU.Build.0 = Debug|Any CPU
		{25FA1D64-1F3D-AA22-ADCF-8AD2BB38063E}.Release|Any CPU.ActiveCfg = Release|Any CPU
		{25FA1D64-1F3D-AA22-ADCF-8AD2BB38063E}.Release|Any CPU.Build.0 = Release|Any CPU
		{6791DF52-028E-3AF2-6330-A999B4C65D9E}.Debug|Any CPU.ActiveCfg = Debug|Any CPU
		{6791DF52-028E-3AF2-6330-A999B4C65D9E}.Debug|Any CPU.Build.0 = Debug|Any CPU
		{6791DF52-028E-3AF2-6330-A999B4C65D9E}.Release|Any CPU.ActiveCfg = Release|Any CPU
		{6791DF52-028E-3AF2-6330-A999B4C65D9E}.Release|Any CPU.Build.0 = Release|Any CPU
		{201485C9-5236-F6B6-A8BD-DFE3E898F521}.Debug|Any CPU.ActiveCfg = Debug|Any CPU
		{201485C9-5236-F6B6-A8BD-DFE3E898F521}.Debug|Any CPU.Build.0 = Debug|Any CPU
		{201485C9-5236-F6B6-A8BD-DFE3E898F521}.Release|Any CPU.ActiveCfg = Release|Any CPU
		{201485C9-5236-F6B6-A8BD-DFE3E898F521}.Release|Any CPU.Build.0 = Release|Any CPU
		{05BC02C9-D39F-2B15-5658-080105AF8E1F}.Debug|Any CPU.ActiveCfg = Debug|Any CPU
		{05BC02C9-D39F-2B15-5658-080105AF8E1F}.Debug|Any CPU.Build.0 = Debug|Any CPU
		{05BC02C9-D39F-2B15-5658-080105AF8E1F}.Release|Any CPU.ActiveCfg = Release|Any CPU
		{05BC02C9-D39F-2B15-5658-080105AF8E1F}.Release|Any CPU.Build.0 = Release|Any CPU
		{EDEDA44D-9787-70AE-B098-48264FC3DAB1}.Debug|Any CPU.ActiveCfg = Debug|Any CPU
		{EDEDA44D-9787-70AE-B098-48264FC3DAB1}.Debug|Any CPU.Build.0 = Debug|Any CPU
		{EDEDA44D-9787-70AE-B098-48264FC3DAB1}.Release|Any CPU.ActiveCfg = Release|Any CPU
		{EDEDA44D-9787-70AE-B098-48264FC3DAB1}.Release|Any CPU.Build.0 = Release|Any CPU
		{3882640B-C76C-A675-9D6C-CE958E235552}.Debug|Any CPU.ActiveCfg = Debug|Any CPU
		{3882640B-C76C-A675-9D6C-CE958E235552}.Debug|Any CPU.Build.0 = Debug|Any CPU
		{3882640B-C76C-A675-9D6C-CE958E235552}.Release|Any CPU.ActiveCfg = Release|Any CPU
		{3882640B-C76C-A675-9D6C-CE958E235552}.Release|Any CPU.Build.0 = Release|Any CPU
		{D2FD42AA-DDD9-7AA3-2702-28A30FC84E2A}.Debug|Any CPU.ActiveCfg = Debug|Any CPU
		{D2FD42AA-DDD9-7AA3-2702-28A30FC84E2A}.Debug|Any CPU.Build.0 = Debug|Any CPU
		{D2FD42AA-DDD9-7AA3-2702-28A30FC84E2A}.Release|Any CPU.ActiveCfg = Release|Any CPU
		{D2FD42AA-DDD9-7AA3-2702-28A30FC84E2A}.Release|Any CPU.Build.0 = Release|Any CPU
	EndGlobalSection
	GlobalSection(SolutionProperties) = preSolution
		HideSolutionNode = FALSE
	EndGlobalSection
EndGlobal
